// !$*UTF8*$!
{
	archiveVersion = 1;
	classes = {
	};
	objectVersion = 46;
	objects = {

/* Begin PBXBuildFile section */
		443DCF161A4E234200B0EF39 /* RequestsServices.swift in Sources */ = {isa = PBXBuildFile; fileRef = 443DCF151A4E234100B0EF39 /* RequestsServices.swift */; };
		443DCF191A4E308900B0EF39 /* StartPageViewController.swift in Sources */ = {isa = PBXBuildFile; fileRef = 443DCF181A4E308900B0EF39 /* StartPageViewController.swift */; };
		443DCF1B1A4E377A00B0EF39 /* RegisterController.swift in Sources */ = {isa = PBXBuildFile; fileRef = 443DCF1A1A4E377A00B0EF39 /* RegisterController.swift */; };
		443DCF1D1A4E395100B0EF39 /* UrlsProvider.swift in Sources */ = {isa = PBXBuildFile; fileRef = 443DCF1C1A4E395100B0EF39 /* UrlsProvider.swift */; };
		443DCF201A4E39E300B0EF39 /* User.swift in Sources */ = {isa = PBXBuildFile; fileRef = 443DCF1F1A4E39E300B0EF39 /* User.swift */; };
		443DCF221A4E39EB00B0EF39 /* Note.swift in Sources */ = {isa = PBXBuildFile; fileRef = 443DCF211A4E39EB00B0EF39 /* Note.swift */; };
		443DCF251A4E3A9500B0EF39 /* Loc.swift in Sources */ = {isa = PBXBuildFile; fileRef = 443DCF241A4E3A9500B0EF39 /* Loc.swift */; };
		443DCF271A4E3B4800B0EF39 /* Pos.swift in Sources */ = {isa = PBXBuildFile; fileRef = 443DCF261A4E3B4800B0EF39 /* Pos.swift */; };
		443DCF291A4E3C0100B0EF39 /* Spread.swift in Sources */ = {isa = PBXBuildFile; fileRef = 443DCF281A4E3C0100B0EF39 /* Spread.swift */; };
		444AA8561A5114A80022D0B9 /* LoginRequestDelegate.swift in Sources */ = {isa = PBXBuildFile; fileRef = 444AA8551A5114A80022D0B9 /* LoginRequestDelegate.swift */; };
		448E89201A5391AD00F8F49A /* UIPageTargetViewController.swift in Sources */ = {isa = PBXBuildFile; fileRef = 448E891F1A5391AD00F8F49A /* UIPageTargetViewController.swift */; };
		44B6F3031A53608D0042AC3D /* RegisterRequestDelegate.swift in Sources */ = {isa = PBXBuildFile; fileRef = 44B6F3021A53608D0042AC3D /* RegisterRequestDelegate.swift */; };
		44B6F3051A53683C0042AC3D /* CoreLocation.framework in Frameworks */ = {isa = PBXBuildFile; fileRef = 44B6F3041A53683C0042AC3D /* CoreLocation.framework */; };
		44B6F3071A537ADC0042AC3D /* PageViewController.swift in Sources */ = {isa = PBXBuildFile; fileRef = 44B6F3061A537ADC0042AC3D /* PageViewController.swift */; };
		44D0873D1A54D00200EDCE98 /* CreateNoteRequestDelegate.swift in Sources */ = {isa = PBXBuildFile; fileRef = 44D0873C1A54D00200EDCE98 /* CreateNoteRequestDelegate.swift */; };
		44E448511A54DEB9002D2CC9 /* ProfilRequestDelegate.swift in Sources */ = {isa = PBXBuildFile; fileRef = 44E448501A54DEB9002D2CC9 /* ProfilRequestDelegate.swift */; };
		D9B235351A4DCCF6001A2473 /* AppDelegate.swift in Sources */ = {isa = PBXBuildFile; fileRef = D9B235341A4DCCF6001A2473 /* AppDelegate.swift */; };
		D9B2353A1A4DCCF6001A2473 /* Main.storyboard in Resources */ = {isa = PBXBuildFile; fileRef = D9B235381A4DCCF6001A2473 /* Main.storyboard */; };
		D9B2353C1A4DCCF6001A2473 /* Images.xcassets in Resources */ = {isa = PBXBuildFile; fileRef = D9B2353B1A4DCCF6001A2473 /* Images.xcassets */; };
		D9B2353F1A4DCCF6001A2473 /* LaunchScreen.xib in Resources */ = {isa = PBXBuildFile; fileRef = D9B2353D1A4DCCF6001A2473 /* LaunchScreen.xib */; };
		D9B2354B1A4DCCF7001A2473 /* SpreadAppTests.swift in Sources */ = {isa = PBXBuildFile; fileRef = D9B2354A1A4DCCF7001A2473 /* SpreadAppTests.swift */; };
		D9B235591A4DE48C001A2473 /* LoginController.swift in Sources */ = {isa = PBXBuildFile; fileRef = D9B235581A4DE48C001A2473 /* LoginController.swift */; };
		D9B2355C1A4DE517001A2473 /* SettingController.swift in Sources */ = {isa = PBXBuildFile; fileRef = D9B2355B1A4DE517001A2473 /* SettingController.swift */; };
		D9B2355E1A4DE541001A2473 /* ProfilController.swift in Sources */ = {isa = PBXBuildFile; fileRef = D9B2355D1A4DE541001A2473 /* ProfilController.swift */; };
		D9B235601A4DE54F001A2473 /* NotesController.swift in Sources */ = {isa = PBXBuildFile; fileRef = D9B2355F1A4DE54F001A2473 /* NotesController.swift */; };
		D9B235621A4DE576001A2473 /* CreateNoteController.swift in Sources */ = {isa = PBXBuildFile; fileRef = D9B235611A4DE576001A2473 /* CreateNoteController.swift */; };
		D9B235641A4DE64D001A2473 /* NewsFeedController.swift in Sources */ = {isa = PBXBuildFile; fileRef = D9B235631A4DE64D001A2473 /* NewsFeedController.swift */; };
/* End PBXBuildFile section */

/* Begin PBXContainerItemProxy section */
		D9B235451A4DCCF7001A2473 /* PBXContainerItemProxy */ = {
			isa = PBXContainerItemProxy;
			containerPortal = D9B235271A4DCCF6001A2473 /* Project object */;
			proxyType = 1;
			remoteGlobalIDString = D9B2352E1A4DCCF6001A2473;
			remoteInfo = SpreadApp;
		};
/* End PBXContainerItemProxy section */

/* Begin PBXFileReference section */
		443DCF151A4E234100B0EF39 /* RequestsServices.swift */ = {isa = PBXFileReference; fileEncoding = 4; lastKnownFileType = sourcecode.swift; path = RequestsServices.swift; sourceTree = "<group>"; };
		443DCF181A4E308900B0EF39 /* StartPageViewController.swift */ = {isa = PBXFileReference; fileEncoding = 4; lastKnownFileType = sourcecode.swift; path = StartPageViewController.swift; sourceTree = "<group>"; };
		443DCF1A1A4E377A00B0EF39 /* RegisterController.swift */ = {isa = PBXFileReference; fileEncoding = 4; lastKnownFileType = sourcecode.swift; path = RegisterController.swift; sourceTree = "<group>"; };
		443DCF1C1A4E395100B0EF39 /* UrlsProvider.swift */ = {isa = PBXFileReference; fileEncoding = 4; lastKnownFileType = sourcecode.swift; path = UrlsProvider.swift; sourceTree = "<group>"; };
		443DCF1F1A4E39E300B0EF39 /* User.swift */ = {isa = PBXFileReference; fileEncoding = 4; lastKnownFileType = sourcecode.swift; path = User.swift; sourceTree = "<group>"; };
		443DCF211A4E39EB00B0EF39 /* Note.swift */ = {isa = PBXFileReference; fileEncoding = 4; lastKnownFileType = sourcecode.swift; path = Note.swift; sourceTree = "<group>"; };
		443DCF241A4E3A9500B0EF39 /* Loc.swift */ = {isa = PBXFileReference; fileEncoding = 4; lastKnownFileType = sourcecode.swift; path = Loc.swift; sourceTree = "<group>"; };
		443DCF261A4E3B4800B0EF39 /* Pos.swift */ = {isa = PBXFileReference; fileEncoding = 4; lastKnownFileType = sourcecode.swift; path = Pos.swift; sourceTree = "<group>"; };
		443DCF281A4E3C0100B0EF39 /* Spread.swift */ = {isa = PBXFileReference; fileEncoding = 4; lastKnownFileType = sourcecode.swift; path = Spread.swift; sourceTree = "<group>"; };
		444AA8551A5114A80022D0B9 /* LoginRequestDelegate.swift */ = {isa = PBXFileReference; fileEncoding = 4; lastKnownFileType = sourcecode.swift; path = LoginRequestDelegate.swift; sourceTree = "<group>"; };
		448E891F1A5391AD00F8F49A /* UIPageTargetViewController.swift */ = {isa = PBXFileReference; fileEncoding = 4; lastKnownFileType = sourcecode.swift; path = UIPageTargetViewController.swift; sourceTree = "<group>"; };
		44B6F3021A53608D0042AC3D /* RegisterRequestDelegate.swift */ = {isa = PBXFileReference; fileEncoding = 4; lastKnownFileType = sourcecode.swift; path = RegisterRequestDelegate.swift; sourceTree = "<group>"; };
		44B6F3041A53683C0042AC3D /* CoreLocation.framework */ = {isa = PBXFileReference; lastKnownFileType = wrapper.framework; name = CoreLocation.framework; path = System/Library/Frameworks/CoreLocation.framework; sourceTree = SDKROOT; };
		44B6F3061A537ADC0042AC3D /* PageViewController.swift */ = {isa = PBXFileReference; fileEncoding = 4; lastKnownFileType = sourcecode.swift; path = PageViewController.swift; sourceTree = "<group>"; };
		44D0873C1A54D00200EDCE98 /* CreateNoteRequestDelegate.swift */ = {isa = PBXFileReference; fileEncoding = 4; lastKnownFileType = sourcecode.swift; path = CreateNoteRequestDelegate.swift; sourceTree = "<group>"; };
		44E448501A54DEB9002D2CC9 /* ProfilRequestDelegate.swift */ = {isa = PBXFileReference; fileEncoding = 4; lastKnownFileType = sourcecode.swift; path = ProfilRequestDelegate.swift; sourceTree = "<group>"; };
		D9B2352F1A4DCCF6001A2473 /* SpreadApp.app */ = {isa = PBXFileReference; explicitFileType = wrapper.application; includeInIndex = 0; path = SpreadApp.app; sourceTree = BUILT_PRODUCTS_DIR; };
		D9B235331A4DCCF6001A2473 /* Info.plist */ = {isa = PBXFileReference; lastKnownFileType = text.plist.xml; path = Info.plist; sourceTree = "<group>"; };
		D9B235341A4DCCF6001A2473 /* AppDelegate.swift */ = {isa = PBXFileReference; lastKnownFileType = sourcecode.swift; path = AppDelegate.swift; sourceTree = "<group>"; };
		D9B235391A4DCCF6001A2473 /* Base */ = {isa = PBXFileReference; lastKnownFileType = file.storyboard; name = Base; path = Base.lproj/Main.storyboard; sourceTree = "<group>"; };
		D9B2353B1A4DCCF6001A2473 /* Images.xcassets */ = {isa = PBXFileReference; lastKnownFileType = folder.assetcatalog; path = Images.xcassets; sourceTree = "<group>"; };
		D9B2353E1A4DCCF6001A2473 /* Base */ = {isa = PBXFileReference; lastKnownFileType = file.xib; name = Base; path = Base.lproj/LaunchScreen.xib; sourceTree = "<group>"; };
		D9B235441A4DCCF7001A2473 /* SpreadAppTests.xctest */ = {isa = PBXFileReference; explicitFileType = wrapper.cfbundle; includeInIndex = 0; path = SpreadAppTests.xctest; sourceTree = BUILT_PRODUCTS_DIR; };
		D9B235491A4DCCF7001A2473 /* Info.plist */ = {isa = PBXFileReference; lastKnownFileType = text.plist.xml; path = Info.plist; sourceTree = "<group>"; };
		D9B2354A1A4DCCF7001A2473 /* SpreadAppTests.swift */ = {isa = PBXFileReference; lastKnownFileType = sourcecode.swift; path = SpreadAppTests.swift; sourceTree = "<group>"; };
		D9B235541A4DD0EA001A2473 /* 14.png */ = {isa = PBXFileReference; lastKnownFileType = image.png; name = 14.png; path = "../../Spread files/Logo/14.png"; sourceTree = "<group>"; };
		D9B235561A4DDBB7001A2473 /* fond.JPG */ = {isa = PBXFileReference; lastKnownFileType = image.jpeg; name = fond.JPG; path = "../../Spread files/rebound design/fond.JPG"; sourceTree = "<group>"; };
		D9B235581A4DE48C001A2473 /* LoginController.swift */ = {isa = PBXFileReference; fileEncoding = 4; lastKnownFileType = sourcecode.swift; path = LoginController.swift; sourceTree = "<group>"; };
		D9B2355B1A4DE517001A2473 /* SettingController.swift */ = {isa = PBXFileReference; fileEncoding = 4; lastKnownFileType = sourcecode.swift; path = SettingController.swift; sourceTree = "<group>"; };
		D9B2355D1A4DE541001A2473 /* ProfilController.swift */ = {isa = PBXFileReference; fileEncoding = 4; lastKnownFileType = sourcecode.swift; path = ProfilController.swift; sourceTree = "<group>"; };
		D9B2355F1A4DE54F001A2473 /* NotesController.swift */ = {isa = PBXFileReference; fileEncoding = 4; lastKnownFileType = sourcecode.swift; path = NotesController.swift; sourceTree = "<group>"; };
		D9B235611A4DE576001A2473 /* CreateNoteController.swift */ = {isa = PBXFileReference; fileEncoding = 4; lastKnownFileType = sourcecode.swift; path = CreateNoteController.swift; sourceTree = "<group>"; };
		D9B235631A4DE64D001A2473 /* NewsFeedController.swift */ = {isa = PBXFileReference; fileEncoding = 4; lastKnownFileType = sourcecode.swift; path = NewsFeedController.swift; sourceTree = "<group>"; };
/* End PBXFileReference section */

/* Begin PBXFrameworksBuildPhase section */
		D9B2352C1A4DCCF6001A2473 /* Frameworks */ = {
			isa = PBXFrameworksBuildPhase;
			buildActionMask = 2147483647;
			files = (
				44B6F3051A53683C0042AC3D /* CoreLocation.framework in Frameworks */,
			);
			runOnlyForDeploymentPostprocessing = 0;
		};
		D9B235411A4DCCF7001A2473 /* Frameworks */ = {
			isa = PBXFrameworksBuildPhase;
			buildActionMask = 2147483647;
			files = (
			);
			runOnlyForDeploymentPostprocessing = 0;
		};
/* End PBXFrameworksBuildPhase section */

/* Begin PBXGroup section */
		443DCF171A4E234E00B0EF39 /* Services */ = {
			isa = PBXGroup;
			children = (
				443DCF151A4E234100B0EF39 /* RequestsServices.swift */,
			);
			name = Services;
			sourceTree = "<group>";
		};
		443DCF1E1A4E395700B0EF39 /* Tools */ = {
			isa = PBXGroup;
			children = (
				443DCF1C1A4E395100B0EF39 /* UrlsProvider.swift */,
			);
			name = Tools;
			sourceTree = "<group>";
		};
		443DCF231A4E39F100B0EF39 /* Model */ = {
			isa = PBXGroup;
			children = (
				443DCF1F1A4E39E300B0EF39 /* User.swift */,
				443DCF211A4E39EB00B0EF39 /* Note.swift */,
				443DCF241A4E3A9500B0EF39 /* Loc.swift */,
				443DCF261A4E3B4800B0EF39 /* Pos.swift */,
				443DCF281A4E3C0100B0EF39 /* Spread.swift */,
			);
			name = Model;
			sourceTree = "<group>";
		};
		444AA8571A5114C90022D0B9 /* protocols */ = {
			isa = PBXGroup;
			children = (
				444AA8551A5114A80022D0B9 /* LoginRequestDelegate.swift */,
				44B6F3021A53608D0042AC3D /* RegisterRequestDelegate.swift */,
				44D0873C1A54D00200EDCE98 /* CreateNoteRequestDelegate.swift */,
				44E448501A54DEB9002D2CC9 /* ProfilRequestDelegate.swift */,
			);
			name = protocols;
			sourceTree = "<group>";
		};
		448E89211A5391B300F8F49A /* Supercalsses */ = {
			isa = PBXGroup;
			children = (
				448E891F1A5391AD00F8F49A /* UIPageTargetViewController.swift */,
			);
			name = Supercalsses;
			sourceTree = "<group>";
		};
		D9B235261A4DCCF6001A2473 = {
			isa = PBXGroup;
			children = (
				44B6F3041A53683C0042AC3D /* CoreLocation.framework */,
				D9B235311A4DCCF6001A2473 /* SpreadApp */,
				D9B235471A4DCCF7001A2473 /* SpreadAppTests */,
				D9B235301A4DCCF6001A2473 /* Products */,
			);
			sourceTree = "<group>";
		};
		D9B235301A4DCCF6001A2473 /* Products */ = {
			isa = PBXGroup;
			children = (
				D9B2352F1A4DCCF6001A2473 /* SpreadApp.app */,
				D9B235441A4DCCF7001A2473 /* SpreadAppTests.xctest */,
			);
			name = Products;
			sourceTree = "<group>";
		};
		D9B235311A4DCCF6001A2473 /* SpreadApp */ = {
			isa = PBXGroup;
			children = (
				448E89211A5391B300F8F49A /* Supercalsses */,
				444AA8571A5114C90022D0B9 /* protocols */,
				D9B2355A1A4DE4EF001A2473 /* Controllers */,
				443DCF231A4E39F100B0EF39 /* Model */,
				443DCF171A4E234E00B0EF39 /* Services */,
				443DCF1E1A4E395700B0EF39 /* Tools */,
				D9B2353B1A4DCCF6001A2473 /* Images.xcassets */,
				D9B235381A4DCCF6001A2473 /* Main.storyboard */,
				D9B2353D1A4DCCF6001A2473 /* LaunchScreen.xib */,
				D9B235321A4DCCF6001A2473 /* Supporting Files */,
			);
			path = SpreadApp;
			sourceTree = "<group>";
		};
		D9B235321A4DCCF6001A2473 /* Supporting Files */ = {
			isa = PBXGroup;
			children = (
				D9B235341A4DCCF6001A2473 /* AppDelegate.swift */,
				D9B235561A4DDBB7001A2473 /* fond.JPG */,
				D9B235541A4DD0EA001A2473 /* 14.png */,
				D9B235331A4DCCF6001A2473 /* Info.plist */,
			);
			name = "Supporting Files";
			sourceTree = "<group>";
		};
		D9B235471A4DCCF7001A2473 /* SpreadAppTests */ = {
			isa = PBXGroup;
			children = (
				D9B2354A1A4DCCF7001A2473 /* SpreadAppTests.swift */,
				D9B235481A4DCCF7001A2473 /* Supporting Files */,
			);
			path = SpreadAppTests;
			sourceTree = "<group>";
		};
		D9B235481A4DCCF7001A2473 /* Supporting Files */ = {
			isa = PBXGroup;
			children = (
				D9B235491A4DCCF7001A2473 /* Info.plist */,
			);
			name = "Supporting Files";
			sourceTree = "<group>";
		};
		D9B2355A1A4DE4EF001A2473 /* Controllers */ = {
			isa = PBXGroup;
			children = (
				443DCF181A4E308900B0EF39 /* StartPageViewController.swift */,
				443DCF1A1A4E377A00B0EF39 /* RegisterController.swift */,
				D9B235581A4DE48C001A2473 /* LoginController.swift */,
				44B6F3061A537ADC0042AC3D /* PageViewController.swift */,
				D9B2355B1A4DE517001A2473 /* SettingController.swift */,
				D9B2355D1A4DE541001A2473 /* ProfilController.swift */,
				D9B2355F1A4DE54F001A2473 /* NotesController.swift */,
				D9B235611A4DE576001A2473 /* CreateNoteController.swift */,
				D9B235631A4DE64D001A2473 /* NewsFeedController.swift */,
			);
			name = Controllers;
			sourceTree = "<group>";
		};
/* End PBXGroup section */

/* Begin PBXNativeTarget section */
		D9B2352E1A4DCCF6001A2473 /* SpreadApp */ = {
			isa = PBXNativeTarget;
			buildConfigurationList = D9B2354E1A4DCCF7001A2473 /* Build configuration list for PBXNativeTarget "SpreadApp" */;
			buildPhases = (
				D9B2352B1A4DCCF6001A2473 /* Sources */,
				D9B2352C1A4DCCF6001A2473 /* Frameworks */,
				D9B2352D1A4DCCF6001A2473 /* Resources */,
			);
			buildRules = (
			);
			dependencies = (
			);
			name = SpreadApp;
			productName = SpreadApp;
			productReference = D9B2352F1A4DCCF6001A2473 /* SpreadApp.app */;
			productType = "com.apple.product-type.application";
		};
		D9B235431A4DCCF7001A2473 /* SpreadAppTests */ = {
			isa = PBXNativeTarget;
			buildConfigurationList = D9B235511A4DCCF7001A2473 /* Build configuration list for PBXNativeTarget "SpreadAppTests" */;
			buildPhases = (
				D9B235401A4DCCF7001A2473 /* Sources */,
				D9B235411A4DCCF7001A2473 /* Frameworks */,
				D9B235421A4DCCF7001A2473 /* Resources */,
			);
			buildRules = (
			);
			dependencies = (
				D9B235461A4DCCF7001A2473 /* PBXTargetDependency */,
			);
			name = SpreadAppTests;
			productName = SpreadAppTests;
			productReference = D9B235441A4DCCF7001A2473 /* SpreadAppTests.xctest */;
			productType = "com.apple.product-type.bundle.unit-test";
		};
/* End PBXNativeTarget section */

/* Begin PBXProject section */
		D9B235271A4DCCF6001A2473 /* Project object */ = {
			isa = PBXProject;
			attributes = {
				LastUpgradeCheck = 0610;
				ORGANIZATIONNAME = Shokunin;
				TargetAttributes = {
					D9B2352E1A4DCCF6001A2473 = {
						CreatedOnToolsVersion = 6.1;
					};
					D9B235431A4DCCF7001A2473 = {
						CreatedOnToolsVersion = 6.1;
						TestTargetID = D9B2352E1A4DCCF6001A2473;
					};
				};
			};
			buildConfigurationList = D9B2352A1A4DCCF6001A2473 /* Build configuration list for PBXProject "SpreadApp" */;
			compatibilityVersion = "Xcode 3.2";
			developmentRegion = English;
			hasScannedForEncodings = 0;
			knownRegions = (
				en,
				Base,
			);
			mainGroup = D9B235261A4DCCF6001A2473;
			productRefGroup = D9B235301A4DCCF6001A2473 /* Products */;
			projectDirPath = "";
			projectRoot = "";
			targets = (
				D9B2352E1A4DCCF6001A2473 /* SpreadApp */,
				D9B235431A4DCCF7001A2473 /* SpreadAppTests */,
			);
		};
/* End PBXProject section */

/* Begin PBXResourcesBuildPhase section */
		D9B2352D1A4DCCF6001A2473 /* Resources */ = {
			isa = PBXResourcesBuildPhase;
			buildActionMask = 2147483647;
			files = (
				D9B2353A1A4DCCF6001A2473 /* Main.storyboard in Resources */,
				D9B2353F1A4DCCF6001A2473 /* LaunchScreen.xib in Resources */,
				D9B2353C1A4DCCF6001A2473 /* Images.xcassets in Resources */,
			);
			runOnlyForDeploymentPostprocessing = 0;
		};
		D9B235421A4DCCF7001A2473 /* Resources */ = {
			isa = PBXResourcesBuildPhase;
			buildActionMask = 2147483647;
			files = (
			);
			runOnlyForDeploymentPostprocessing = 0;
		};
/* End PBXResourcesBuildPhase section */

/* Begin PBXSourcesBuildPhase section */
		D9B2352B1A4DCCF6001A2473 /* Sources */ = {
			isa = PBXSourcesBuildPhase;
			buildActionMask = 2147483647;
			files = (
				448E89201A5391AD00F8F49A /* UIPageTargetViewController.swift in Sources */,
				443DCF271A4E3B4800B0EF39 /* Pos.swift in Sources */,
				443DCF1B1A4E377A00B0EF39 /* RegisterController.swift in Sources */,
				D9B235641A4DE64D001A2473 /* NewsFeedController.swift in Sources */,
				443DCF251A4E3A9500B0EF39 /* Loc.swift in Sources */,
				44D0873D1A54D00200EDCE98 /* CreateNoteRequestDelegate.swift in Sources */,
				443DCF161A4E234200B0EF39 /* RequestsServices.swift in Sources */,
				D9B2355E1A4DE541001A2473 /* ProfilController.swift in Sources */,
				443DCF291A4E3C0100B0EF39 /* Spread.swift in Sources */,
				44B6F3031A53608D0042AC3D /* RegisterRequestDelegate.swift in Sources */,
				D9B235601A4DE54F001A2473 /* NotesController.swift in Sources */,
				443DCF221A4E39EB00B0EF39 /* Note.swift in Sources */,
				443DCF191A4E308900B0EF39 /* StartPageViewController.swift in Sources */,
				443DCF1D1A4E395100B0EF39 /* UrlsProvider.swift in Sources */,
				D9B2355C1A4DE517001A2473 /* SettingController.swift in Sources */,
				443DCF201A4E39E300B0EF39 /* User.swift in Sources */,
				44B6F3071A537ADC0042AC3D /* PageViewController.swift in Sources */,
				D9B235591A4DE48C001A2473 /* LoginController.swift in Sources */,
				44E448511A54DEB9002D2CC9 /* ProfilRequestDelegate.swift in Sources */,
				D9B235351A4DCCF6001A2473 /* AppDelegate.swift in Sources */,
				D9B235621A4DE576001A2473 /* CreateNoteController.swift in Sources */,
				444AA8561A5114A80022D0B9 /* LoginRequestDelegate.swift in Sources */,
			);
			runOnlyForDeploymentPostprocessing = 0;
		};
		D9B235401A4DCCF7001A2473 /* Sources */ = {
			isa = PBXSourcesBuildPhase;
			buildActionMask = 2147483647;
			files = (
				D9B2354B1A4DCCF7001A2473 /* SpreadAppTests.swift in Sources */,
			);
			runOnlyForDeploymentPostprocessing = 0;
		};
/* End PBXSourcesBuildPhase section */

/* Begin PBXTargetDependency section */
		D9B235461A4DCCF7001A2473 /* PBXTargetDependency */ = {
			isa = PBXTargetDependency;
			target = D9B2352E1A4DCCF6001A2473 /* SpreadApp */;
			targetProxy = D9B235451A4DCCF7001A2473 /* PBXContainerItemProxy */;
		};
/* End PBXTargetDependency section */

/* Begin PBXVariantGroup section */
		D9B235381A4DCCF6001A2473 /* Main.storyboard */ = {
			isa = PBXVariantGroup;
			children = (
				D9B235391A4DCCF6001A2473 /* Base */,
			);
			name = Main.storyboard;
			sourceTree = "<group>";
		};
		D9B2353D1A4DCCF6001A2473 /* LaunchScreen.xib */ = {
			isa = PBXVariantGroup;
			children = (
				D9B2353E1A4DCCF6001A2473 /* Base */,
			);
			name = LaunchScreen.xib;
			sourceTree = "<group>";
		};
/* End PBXVariantGroup section */

/* Begin XCBuildConfiguration section */
		D9B2354C1A4DCCF7001A2473 /* Debug */ = {
			isa = XCBuildConfiguration;
			buildSettings = {
				ALWAYS_SEARCH_USER_PATHS = NO;
				CLANG_CXX_LANGUAGE_STANDARD = "gnu++0x";
				CLANG_CXX_LIBRARY = "libc++";
				CLANG_ENABLE_MODULES = YES;
				CLANG_ENABLE_OBJC_ARC = YES;
				CLANG_WARN_BOOL_CONVERSION = YES;
				CLANG_WARN_CONSTANT_CONVERSION = YES;
				CLANG_WARN_DIRECT_OBJC_ISA_USAGE = YES_ERROR;
				CLANG_WARN_EMPTY_BODY = YES;
				CLANG_WARN_ENUM_CONVERSION = YES;
				CLANG_WARN_INT_CONVERSION = YES;
				CLANG_WARN_OBJC_ROOT_CLASS = YES_ERROR;
				CLANG_WARN_UNREACHABLE_CODE = YES;
				CLANG_WARN__DUPLICATE_METHOD_MATCH = YES;
				"CODE_SIGN_IDENTITY[sdk=iphoneos*]" = "iPhone Developer";
				COPY_PHASE_STRIP = NO;
				ENABLE_STRICT_OBJC_MSGSEND = YES;
				GCC_C_LANGUAGE_STANDARD = gnu99;
				GCC_DYNAMIC_NO_PIC = NO;
				GCC_OPTIMIZATION_LEVEL = 0;
				GCC_PREPROCESSOR_DEFINITIONS = (
					"DEBUG=1",
					"$(inherited)",
				);
				GCC_SYMBOLS_PRIVATE_EXTERN = NO;
				GCC_WARN_64_TO_32_BIT_CONVERSION = YES;
				GCC_WARN_ABOUT_RETURN_TYPE = YES_ERROR;
				GCC_WARN_UNDECLARED_SELECTOR = YES;
				GCC_WARN_UNINITIALIZED_AUTOS = YES_AGGRESSIVE;
				GCC_WARN_UNUSED_FUNCTION = YES;
				GCC_WARN_UNUSED_VARIABLE = YES;
				IPHONEOS_DEPLOYMENT_TARGET = 8.1;
				MTL_ENABLE_DEBUG_INFO = YES;
				ONLY_ACTIVE_ARCH = YES;
				SDKROOT = iphoneos;
				SWIFT_OPTIMIZATION_LEVEL = "-Onone";
			};
			name = Debug;
		};
		D9B2354D1A4DCCF7001A2473 /* Release */ = {
			isa = XCBuildConfiguration;
			buildSettings = {
				ALWAYS_SEARCH_USER_PATHS = NO;
				CLANG_CXX_LANGUAGE_STANDARD = "gnu++0x";
				CLANG_CXX_LIBRARY = "libc++";
				CLANG_ENABLE_MODULES = YES;
				CLANG_ENABLE_OBJC_ARC = YES;
				CLANG_WARN_BOOL_CONVERSION = YES;
				CLANG_WARN_CONSTANT_CONVERSION = YES;
				CLANG_WARN_DIRECT_OBJC_ISA_USAGE = YES_ERROR;
				CLANG_WARN_EMPTY_BODY = YES;
				CLANG_WARN_ENUM_CONVERSION = YES;
				CLANG_WARN_INT_CONVERSION = YES;
				CLANG_WARN_OBJC_ROOT_CLASS = YES_ERROR;
				CLANG_WARN_UNREACHABLE_CODE = YES;
				CLANG_WARN__DUPLICATE_METHOD_MATCH = YES;
				"CODE_SIGN_IDENTITY[sdk=iphoneos*]" = "iPhone Developer";
				COPY_PHASE_STRIP = YES;
				ENABLE_NS_ASSERTIONS = NO;
				ENABLE_STRICT_OBJC_MSGSEND = YES;
				GCC_C_LANGUAGE_STANDARD = gnu99;
				GCC_WARN_64_TO_32_BIT_CONVERSION = YES;
				GCC_WARN_ABOUT_RETURN_TYPE = YES_ERROR;
				GCC_WARN_UNDECLARED_SELECTOR = YES;
				GCC_WARN_UNINITIALIZED_AUTOS = YES_AGGRESSIVE;
				GCC_WARN_UNUSED_FUNCTION = YES;
				GCC_WARN_UNUSED_VARIABLE = YES;
				IPHONEOS_DEPLOYMENT_TARGET = 8.1;
				MTL_ENABLE_DEBUG_INFO = NO;
				SDKROOT = iphoneos;
				VALIDATE_PRODUCT = YES;
			};
			name = Release;
		};
		D9B2354F1A4DCCF7001A2473 /* Debug */ = {
			isa = XCBuildConfiguration;
			buildSettings = {
				ASSETCATALOG_COMPILER_APPICON_NAME = AppIcon;
				INFOPLIST_FILE = SpreadApp/Info.plist;
				LD_RUNPATH_SEARCH_PATHS = "$(inherited) @executable_path/Frameworks";
				PRODUCT_NAME = "$(TARGET_NAME)";
			};
			name = Debug;
		};
		D9B235501A4DCCF7001A2473 /* Release */ = {
			isa = XCBuildConfiguration;
			buildSettings = {
				ASSETCATALOG_COMPILER_APPICON_NAME = AppIcon;
				INFOPLIST_FILE = SpreadApp/Info.plist;
				LD_RUNPATH_SEARCH_PATHS = "$(inherited) @executable_path/Frameworks";
				PRODUCT_NAME = "$(TARGET_NAME)";
			};
			name = Release;
		};
		D9B235521A4DCCF7001A2473 /* Debug */ = {
			isa = XCBuildConfiguration;
			buildSettings = {
				BUNDLE_LOADER = "$(TEST_HOST)";
				FRAMEWORK_SEARCH_PATHS = (
					"$(SDKROOT)/Developer/Library/Frameworks",
					"$(inherited)",
				);
				GCC_PREPROCESSOR_DEFINITIONS = (
					"DEBUG=1",
					"$(inherited)",
				);
				INFOPLIST_FILE = SpreadAppTests/Info.plist;
				LD_RUNPATH_SEARCH_PATHS = "$(inherited) @executable_path/Frameworks @loader_path/Frameworks";
				PRODUCT_NAME = "$(TARGET_NAME)";
				TEST_HOST = "$(BUILT_PRODUCTS_DIR)/SpreadApp.app/SpreadApp";
			};
			name = Debug;
		};
		D9B235531A4DCCF7001A2473 /* Release */ = {
			isa = XCBuildConfiguration;
			buildSettings = {
				BUNDLE_LOADER = "$(TEST_HOST)";
				FRAMEWORK_SEARCH_PATHS = (
					"$(SDKROOT)/Developer/Library/Frameworks",
					"$(inherited)",
				);
				INFOPLIST_FILE = SpreadAppTests/Info.plist;
				LD_RUNPATH_SEARCH_PATHS = "$(inherited) @executable_path/Frameworks @loader_path/Frameworks";
				PRODUCT_NAME = "$(TARGET_NAME)";
				TEST_HOST = "$(BUILT_PRODUCTS_DIR)/SpreadApp.app/SpreadApp";
			};
			name = Release;
		};
/* End XCBuildConfiguration section */

/* Begin XCConfigurationList section */
		D9B2352A1A4DCCF6001A2473 /* Build configuration list for PBXProject "SpreadApp" */ = {
			isa = XCConfigurationList;
			buildConfigurations = (
				D9B2354C1A4DCCF7001A2473 /* Debug */,
				D9B2354D1A4DCCF7001A2473 /* Release */,
			);
			defaultConfigurationIsVisible = 0;
			defaultConfigurationName = Release;
		};
		D9B2354E1A4DCCF7001A2473 /* Build configuration list for PBXNativeTarget "SpreadApp" */ = {
			isa = XCConfigurationList;
			buildConfigurations = (
				D9B2354F1A4DCCF7001A2473 /* Debug */,
				D9B235501A4DCCF7001A2473 /* Release */,
			);
			defaultConfigurationIsVisible = 0;
			defaultConfigurationName = Release;
		};
		D9B235511A4DCCF7001A2473 /* Build configuration list for PBXNativeTarget "SpreadAppTests" */ = {
			isa = XCConfigurationList;
			buildConfigurations = (
				D9B235521A4DCCF7001A2473 /* Debug */,
				D9B235531A4DCCF7001A2473 /* Release */,
			);
			defaultConfigurationIsVisible = 0;
			defaultConfigurationName = Release;
		};
/* End XCConfigurationList section */
	};
	rootObject = D9B235271A4DCCF6001A2473 /* Project object */;
}
